
Microsoft Visual Studio Solution File, Format Version 12.00
# Visual Studio Version 17
VisualStudioVersion = 17.1.32421.90
MinimumVisualStudioVersion = 10.0.40219.1
Project("{9A19103F-16F7-4668-BE54-9A1E7A4F7556}") = "AccessPointMap.Domain", "AccessPointMap.Domain\AccessPointMap.Domain.csproj", "{48085F18-5A3B-4D7A-A220-69B4EDE76F04}"
EndProject
Project("{9A19103F-16F7-4668-BE54-9A1E7A4F7556}") = "AccessPointMap.Domain.Core", "AccessPointMap.Domain.Core\AccessPointMap.Domain.Core.csproj", "{F95F507E-FB96-4234-9715-92DA5FCF1D87}"
EndProject
Project("{9A19103F-16F7-4668-BE54-9A1E7A4F7556}") = "AccessPointMap.Domain.Test", "AccessPointMap.Domain.Test\AccessPointMap.Domain.Test.csproj", "{786EDADD-DAA7-462E-8BE2-4037AA96B1DC}"
EndProject
Project("{9A19103F-16F7-4668-BE54-9A1E7A4F7556}") = "AccessPointMap.Infrastructure.Core", "AccessPointMap.Infrastructure.Core\AccessPointMap.Infrastructure.Core.csproj", "{236100A6-27DD-416C-8160-F2BF30CE2BAE}"
EndProject
Project("{9A19103F-16F7-4668-BE54-9A1E7A4F7556}") = "AccessPointMap.Infrastructure.MySql", "AccessPointMap.Infrastructure.MySql\AccessPointMap.Infrastructure.MySql.csproj", "{41501E70-8A2D-4999-B5DA-398365B51D1D}"
EndProject
Project("{9A19103F-16F7-4668-BE54-9A1E7A4F7556}") = "AccessPointMap.Application", "AccessPointMap.Application\AccessPointMap.Application.csproj", "{0A1DB47B-5E54-4C1A-92E2-B911446E2936}"
EndProject
Project("{9A19103F-16F7-4668-BE54-9A1E7A4F7556}") = "AccessPointMap.API", "AccessPointMap.API\AccessPointMap.API.csproj", "{E4DF386A-8369-4B8F-A592-51E02E280E8D}"
EndProject
Project("{9A19103F-16F7-4668-BE54-9A1E7A4F7556}") = "AccessPointMap.Application.Integration.Core", "AccessPointMap.Application.Integration.Core\AccessPointMap.Application.Integration.Core.csproj", "{B4540782-251E-4870-958B-2DF7FB6EF69A}"
EndProject
Project("{9A19103F-16F7-4668-BE54-9A1E7A4F7556}") = "AccessPointMap.Application.Integration.Wigle", "AccessPointMap.Application.Integration.Wigle\AccessPointMap.Application.Integration.Wigle.csproj", "{B9F1D362-8006-4C56-B997-8351009821F4}"
EndProject
Project("{9A19103F-16F7-4668-BE54-9A1E7A4F7556}") = "AccessPointMap.Application.Oui.MacTwoVendor", "AccessPointMap.Application.Oui.MacTwoVendor\AccessPointMap.Application.Oui.MacTwoVendor.csproj", "{776B06CF-97D0-45A3-BDFC-9970DC8F9653}"
EndProject
Project("{9A19103F-16F7-4668-BE54-9A1E7A4F7556}") = "AccessPointMap.Application.Oui.Core", "AccessPointMap.Application.Oui.Core\AccessPointMap.Application.Oui.Core.csproj", "{1C0E0A3D-CFA0-472E-AE02-297811BCE643}"
EndProject
Project("{9A19103F-16F7-4668-BE54-9A1E7A4F7556}") = "AccessPointMap.Application.Integration.Aircrackng", "AccessPointMap.Application.Integration.Aircrackng\AccessPointMap.Application.Integration.Aircrackng.csproj", "{CD780243-6723-4A08-89F1-0E2603984D22}"
EndProject
Project("{9A19103F-16F7-4668-BE54-9A1E7A4F7556}") = "AccessPointMap.Application.Pcap.Core", "AccessPointMap.Application.Pcap.Core\AccessPointMap.Application.Pcap.Core.csproj", "{326B65A9-970D-40A6-8C71-03E8CACD4723}"
EndProject
Project("{9A19103F-16F7-4668-BE54-9A1E7A4F7556}") = "AccessPointMap.Application.Pcap.ApmPcapNative", "AccessPointMap.Application.Pcap.ApmPcapNative\AccessPointMap.Application.Pcap.ApmPcapNative.csproj", "{3465005F-45C8-4AD2-9E02-4034CCBB31AD}"
EndProject
Project("{9A19103F-16F7-4668-BE54-9A1E7A4F7556}") = "AccessPointMap.Application.Integration.Wireshark", "AccessPointMap.Application.Integration.Wireshark\AccessPointMap.Application.Integration.Wireshark.csproj", "{35555C15-E8E0-4D1C-8BA6-524FE380412C}"
EndProject
Global
	GlobalSection(SolutionConfigurationPlatforms) = preSolution
		Debug|Any CPU = Debug|Any CPU
		Release|Any CPU = Release|Any CPU
	EndGlobalSection
	GlobalSection(ProjectConfigurationPlatforms) = postSolution
		{48085F18-5A3B-4D7A-A220-69B4EDE76F04}.Debug|Any CPU.ActiveCfg = Debug|Any CPU
		{48085F18-5A3B-4D7A-A220-69B4EDE76F04}.Debug|Any CPU.Build.0 = Debug|Any CPU
		{48085F18-5A3B-4D7A-A220-69B4EDE76F04}.Release|Any CPU.ActiveCfg = Release|Any CPU
		{48085F18-5A3B-4D7A-A220-69B4EDE76F04}.Release|Any CPU.Build.0 = Release|Any CPU
		{F95F507E-FB96-4234-9715-92DA5FCF1D87}.Debug|Any CPU.ActiveCfg = Debug|Any CPU
		{F95F507E-FB96-4234-9715-92DA5FCF1D87}.Debug|Any CPU.Build.0 = Debug|Any CPU
		{F95F507E-FB96-4234-9715-92DA5FCF1D87}.Release|Any CPU.ActiveCfg = Release|Any CPU
		{F95F507E-FB96-4234-9715-92DA5FCF1D87}.Release|Any CPU.Build.0 = Release|Any CPU
		{786EDADD-DAA7-462E-8BE2-4037AA96B1DC}.Debug|Any CPU.ActiveCfg = Debug|Any CPU
		{786EDADD-DAA7-462E-8BE2-4037AA96B1DC}.Debug|Any CPU.Build.0 = Debug|Any CPU
		{786EDADD-DAA7-462E-8BE2-4037AA96B1DC}.Release|Any CPU.ActiveCfg = Release|Any CPU
		{786EDADD-DAA7-462E-8BE2-4037AA96B1DC}.Release|Any CPU.Build.0 = Release|Any CPU
		{236100A6-27DD-416C-8160-F2BF30CE2BAE}.Debug|Any CPU.ActiveCfg = Debug|Any CPU
		{236100A6-27DD-416C-8160-F2BF30CE2BAE}.Debug|Any CPU.Build.0 = Debug|Any CPU
		{236100A6-27DD-416C-8160-F2BF30CE2BAE}.Release|Any CPU.ActiveCfg = Release|Any CPU
		{236100A6-27DD-416C-8160-F2BF30CE2BAE}.Release|Any CPU.Build.0 = Release|Any CPU
		{41501E70-8A2D-4999-B5DA-398365B51D1D}.Debug|Any CPU.ActiveCfg = Debug|Any CPU
		{41501E70-8A2D-4999-B5DA-398365B51D1D}.Debug|Any CPU.Build.0 = Debug|Any CPU
		{41501E70-8A2D-4999-B5DA-398365B51D1D}.Release|Any CPU.ActiveCfg = Release|Any CPU
		{41501E70-8A2D-4999-B5DA-398365B51D1D}.Release|Any CPU.Build.0 = Release|Any CPU
		{0A1DB47B-5E54-4C1A-92E2-B911446E2936}.Debug|Any CPU.ActiveCfg = Debug|Any CPU
		{0A1DB47B-5E54-4C1A-92E2-B911446E2936}.Debug|Any CPU.Build.0 = Debug|Any CPU
		{0A1DB47B-5E54-4C1A-92E2-B911446E2936}.Release|Any CPU.ActiveCfg = Release|Any CPU
		{0A1DB47B-5E54-4C1A-92E2-B911446E2936}.Release|Any CPU.Build.0 = Release|Any CPU
		{E4DF386A-8369-4B8F-A592-51E02E280E8D}.Debug|Any CPU.ActiveCfg = Debug|Any CPU
		{E4DF386A-8369-4B8F-A592-51E02E280E8D}.Debug|Any CPU.Build.0 = Debug|Any CPU
		{E4DF386A-8369-4B8F-A592-51E02E280E8D}.Release|Any CPU.ActiveCfg = Release|Any CPU
		{E4DF386A-8369-4B8F-A592-51E02E280E8D}.Release|Any CPU.Build.0 = Release|Any CPU
		{B4540782-251E-4870-958B-2DF7FB6EF69A}.Debug|Any CPU.ActiveCfg = Debug|Any CPU
		{B4540782-251E-4870-958B-2DF7FB6EF69A}.Debug|Any CPU.Build.0 = Debug|Any CPU
		{B4540782-251E-4870-958B-2DF7FB6EF69A}.Release|Any CPU.ActiveCfg = Release|Any CPU
		{B4540782-251E-4870-958B-2DF7FB6EF69A}.Release|Any CPU.Build.0 = Release|Any CPU
		{B9F1D362-8006-4C56-B997-8351009821F4}.Debug|Any CPU.ActiveCfg = Debug|Any CPU
		{B9F1D362-8006-4C56-B997-8351009821F4}.Debug|Any CPU.Build.0 = Debug|Any CPU
		{B9F1D362-8006-4C56-B997-8351009821F4}.Release|Any CPU.ActiveCfg = Release|Any CPU
		{B9F1D362-8006-4C56-B997-8351009821F4}.Release|Any CPU.Build.0 = Release|Any CPU
		{776B06CF-97D0-45A3-BDFC-9970DC8F9653}.Debug|Any CPU.ActiveCfg = Debug|Any CPU
		{776B06CF-97D0-45A3-BDFC-9970DC8F9653}.Debug|Any CPU.Build.0 = Debug|Any CPU
		{776B06CF-97D0-45A3-BDFC-9970DC8F9653}.Release|Any CPU.ActiveCfg = Release|Any CPU
		{776B06CF-97D0-45A3-BDFC-9970DC8F9653}.Release|Any CPU.Build.0 = Release|Any CPU
		{1C0E0A3D-CFA0-472E-AE02-297811BCE643}.Debug|Any CPU.ActiveCfg = Debug|Any CPU
		{1C0E0A3D-CFA0-472E-AE02-297811BCE643}.Debug|Any CPU.Build.0 = Debug|Any CPU
		{1C0E0A3D-CFA0-472E-AE02-297811BCE643}.Release|Any CPU.ActiveCfg = Release|Any CPU
		{1C0E0A3D-CFA0-472E-AE02-297811BCE643}.Release|Any CPU.Build.0 = Release|Any CPU
		{CD780243-6723-4A08-89F1-0E2603984D22}.Debug|Any CPU.ActiveCfg = Debug|Any CPU
		{CD780243-6723-4A08-89F1-0E2603984D22}.Debug|Any CPU.Build.0 = Debug|Any CPU
		{CD780243-6723-4A08-89F1-0E2603984D22}.Release|Any CPU.ActiveCfg = Release|Any CPU
		{CD780243-6723-4A08-89F1-0E2603984D22}.Release|Any CPU.Build.0 = Release|Any CPU
		{326B65A9-970D-40A6-8C71-03E8CACD4723}.Debug|Any CPU.ActiveCfg = Debug|Any CPU
		{326B65A9-970D-40A6-8C71-03E8CACD4723}.Debug|Any CPU.Build.0 = Debug|Any CPU
		{326B65A9-970D-40A6-8C71-03E8CACD4723}.Release|Any CPU.ActiveCfg = Release|Any CPU
		{326B65A9-970D-40A6-8C71-03E8CACD4723}.Release|Any CPU.Build.0 = Release|Any CPU
		{3465005F-45C8-4AD2-9E02-4034CCBB31AD}.Debug|Any CPU.ActiveCfg = Debug|Any CPU
		{3465005F-45C8-4AD2-9E02-4034CCBB31AD}.Debug|Any CPU.Build.0 = Debug|Any CPU
		{3465005F-45C8-4AD2-9E02-4034CCBB31AD}.Release|Any CPU.ActiveCfg = Release|Any CPU
		{3465005F-45C8-4AD2-9E02-4034CCBB31AD}.Release|Any CPU.Build.0 = Release|Any CPU
		{35555C15-E8E0-4D1C-8BA6-524FE380412C}.Debug|Any CPU.ActiveCfg = Debug|Any CPU
		{35555C15-E8E0-4D1C-8BA6-524FE380412C}.Debug|Any CPU.Build.0 = Debug|Any CPU
		{35555C15-E8E0-4D1C-8BA6-524FE380412C}.Release|Any CPU.ActiveCfg = Release|Any CPU
		{35555C15-E8E0-4D1C-8BA6-524FE380412C}.Release|Any CPU.Build.0 = Release|Any CPU
	EndGlobalSection
	GlobalSection(SolutionProperties) = preSolution
		HideSolutionNode = FALSE
	EndGlobalSection
	GlobalSection(ExtensibilityGlobals) = postSolution
		SolutionGuid = {6EF4336C-A304-48A2-AFCD-B307696C01A2}
	EndGlobalSection
EndGlobal
