
Microsoft Visual Studio Solution File, Format Version 12.00
# Visual Studio Version 16
VisualStudioVersion = 16.0.30114.105
MinimumVisualStudioVersion = 10.0.40219.1
Project("{FAE04EC0-301F-11D3-BF4B-00C04F79EFBC}") = "AccessPointMapScanner.App", "AccessPointMapScanner.App\AccessPointMapScanner.App.csproj", "{381ACA5E-F6CB-4180-9804-B11D2DC56AB3}"
EndProject
Global
	GlobalSection(SolutionConfigurationPlatforms) = preSolution
		Debug|Any CPU = Debug|Any CPU
		Release|Any CPU = Release|Any CPU
	EndGlobalSection
	GlobalSection(ProjectConfigurationPlatforms) = postSolution
		{381ACA5E-F6CB-4180-9804-B11D2DC56AB3}.Debug|Any CPU.ActiveCfg = Debug|Any CPU
		{381ACA5E-F6CB-4180-9804-B11D2DC56AB3}.Debug|Any CPU.Build.0 = Debug|Any CPU
		{381ACA5E-F6CB-4180-9804-B11D2DC56AB3}.Debug|Any CPU.Deploy.0 = Debug|Any CPU
		{381ACA5E-F6CB-4180-9804-B11D2DC56AB3}.Release|Any CPU.ActiveCfg = Release|Any CPU
		{381ACA5E-F6CB-4180-9804-B11D2DC56AB3}.Release|Any CPU.Build.0 = Release|Any CPU
		{381ACA5E-F6CB-4180-9804-B11D2DC56AB3}.Release|Any CPU.Deploy.0 = Release|Any CPU
	EndGlobalSection
	GlobalSection(SolutionProperties) = preSolution
		HideSolutionNode = FALSE
	EndGlobalSection
	GlobalSection(ExtensibilityGlobals) = postSolution
		SolutionGuid = {D02CAA8E-EE95-4FDC-9194-C7B8EFBAA48A}
	EndGlobalSection
EndGlobal
